
Microsoft Visual Studio Solution File, Format Version 12.00
# Visual Studio Version 16
VisualStudioVersion = 16.0.29123.88
MinimumVisualStudioVersion = 10.0.40219.1
Project("{FAE04EC0-301F-11D3-BF4B-00C04F79EFBC}") = "2da tarea triangulos", "2da tarea triangulos.csproj", "{C071445E-D6F5-44CA-B9B1-20D1A95CB398}"
EndProject
Global
	GlobalSection(SolutionConfigurationPlatforms) = preSolution
		Debug|Any CPU = Debug|Any CPU
		Release|Any CPU = Release|Any CPU
	EndGlobalSection
	GlobalSection(ProjectConfigurationPlatforms) = postSolution
		{C071445E-D6F5-44CA-B9B1-20D1A95CB398}.Debug|Any CPU.ActiveCfg = Debug|Any CPU
		{C071445E-D6F5-44CA-B9B1-20D1A95CB398}.Debug|Any CPU.Build.0 = Debug|Any CPU
		{C071445E-D6F5-44CA-B9B1-20D1A95CB398}.Release|Any CPU.ActiveCfg = Release|Any CPU
		{C071445E-D6F5-44CA-B9B1-20D1A95CB398}.Release|Any CPU.Build.0 = Release|Any CPU
	EndGlobalSection
	GlobalSection(SolutionProperties) = preSolution
		HideSolutionNode = FALSE
	EndGlobalSection
	GlobalSection(ExtensibilityGlobals) = postSolution
		SolutionGuid = {30198623-83F4-4F9F-941D-6C74FD8223A7}
	EndGlobalSection
EndGlobal
